
Microsoft Visual Studio Solution File, Format Version 12.00
# Visual Studio 2013
Project("{FAE04EC0-301F-11D3-BF4B-00C04F79EFBC}") = "Last Defence.CSharp", "Last Defence.CSharp.csproj", "{EFF0EFB8-D8B4-C4F2-30ED-345154AF9DAD}"
EndProject
Project("{FAE04EC0-301F-11D3-BF4B-00C04F79EFBC}") = "Last Defence.CSharp.Editor", "Last Defence.CSharp.Editor.csproj", "{BCD3E0B5-06BB-D4C2-C430-450E780E7D9B}"
EndProject
Global
	GlobalSection(SolutionConfigurationPlatforms) = preSolution
		Debug|Any CPU = Debug|Any CPU
		Release|Any CPU = Release|Any CPU
	EndGlobalSection
	GlobalSection(ProjectConfigurationPlatforms) = postSolution
		{EFF0EFB8-D8B4-C4F2-30ED-345154AF9DAD}.Debug|Any CPU.ActiveCfg = Debug|Any CPU
		{EFF0EFB8-D8B4-C4F2-30ED-345154AF9DAD}.Debug|Any CPU.Build.0 = Debug|Any CPU
		{EFF0EFB8-D8B4-C4F2-30ED-345154AF9DAD}.Release|Any CPU.ActiveCfg = Release|Any CPU
		{EFF0EFB8-D8B4-C4F2-30ED-345154AF9DAD}.Release|Any CPU.Build.0 = Release|Any CPU
		{BCD3E0B5-06BB-D4C2-C430-450E780E7D9B}.Debug|Any CPU.ActiveCfg = Debug|Any CPU
		{BCD3E0B5-06BB-D4C2-C430-450E780E7D9B}.Debug|Any CPU.Build.0 = Debug|Any CPU
		{BCD3E0B5-06BB-D4C2-C430-450E780E7D9B}.Release|Any CPU.ActiveCfg = Release|Any CPU
		{BCD3E0B5-06BB-D4C2-C430-450E780E7D9B}.Release|Any CPU.Build.0 = Release|Any CPU
	EndGlobalSection
	GlobalSection(SolutionProperties) = preSolution
		HideSolutionNode = FALSE
	EndGlobalSection
EndGlobal
