
Microsoft Visual Studio Solution File, Format Version 12.00
# Visual Studio 2015
Project("{FAE04EC0-301F-11D3-BF4B-00C04F79EFBC}") = "Last Defence", "Last Defence.csproj", "{EF34E32D-D3F7-C179-D730-447420753C1D}"
EndProject
Project("{FAE04EC0-301F-11D3-BF4B-00C04F79EFBC}") = "Last Defence.Editor", "Last Defence.Editor.csproj", "{C366DE57-DA4F-D41B-B1FC-6AE7601374FE}"
EndProject
Global
	GlobalSection(SolutionConfigurationPlatforms) = preSolution
		Debug|Any CPU = Debug|Any CPU
		Release|Any CPU = Release|Any CPU
	EndGlobalSection
	GlobalSection(ProjectConfigurationPlatforms) = postSolution
		{EF34E32D-D3F7-C179-D730-447420753C1D}.Debug|Any CPU.ActiveCfg = Debug|Any CPU
		{EF34E32D-D3F7-C179-D730-447420753C1D}.Debug|Any CPU.Build.0 = Debug|Any CPU
		{EF34E32D-D3F7-C179-D730-447420753C1D}.Release|Any CPU.ActiveCfg = Release|Any CPU
		{EF34E32D-D3F7-C179-D730-447420753C1D}.Release|Any CPU.Build.0 = Release|Any CPU
		{C366DE57-DA4F-D41B-B1FC-6AE7601374FE}.Debug|Any CPU.ActiveCfg = Debug|Any CPU
		{C366DE57-DA4F-D41B-B1FC-6AE7601374FE}.Debug|Any CPU.Build.0 = Debug|Any CPU
		{C366DE57-DA4F-D41B-B1FC-6AE7601374FE}.Release|Any CPU.ActiveCfg = Release|Any CPU
		{C366DE57-DA4F-D41B-B1FC-6AE7601374FE}.Release|Any CPU.Build.0 = Release|Any CPU
	EndGlobalSection
	GlobalSection(SolutionProperties) = preSolution
		HideSolutionNode = FALSE
	EndGlobalSection
EndGlobal
